PODS:
  - Flutter (1.0.0)
  - flutter_ok_sdk (0.0.1):
    - Flutter

DEPENDENCIES:
  - Flutter (from `.symlinks/flutter/ios`)
  - flutter_ok_sdk (from `.symlinks/plugins/flutter_ok_sdk/ios`)

EXTERNAL SOURCES:
  Flutter:
    :path: ".symlinks/flutter/ios"
  flutter_ok_sdk:
    :path: ".symlinks/plugins/flutter_ok_sdk/ios"

SPEC CHECKSUMS:
  Flutter: 0e3d915762c693b495b44d77113d4970485de6ec
  flutter_ok_sdk: c5875c68ac90dd901831c933d4b9a368ed2c370b

PODFILE CHECKSUM: 10ae9c18d12c9ffc2275c9a159a3b1e281990db0

COCOAPODS: 1.7.5
